
Microsoft Visual Studio Solution File, Format Version 12.00
# Visual Studio Version 16
VisualStudioVersion = 16.0.32228.343
MinimumVisualStudioVersion = 10.0.40219.1
Project("{FAE04EC0-301F-11D3-BF4B-00C04F79EFBC}") = "UserRegistration.Api", "UserRegistration.Api\UserRegistration.Api.csproj", "{AE9E58AD-0F20-49D3-B064-1CACC52F03B8}"
EndProject
Global
	GlobalSection(SolutionConfigurationPlatforms) = preSolution
		Debug|Any CPU = Debug|Any CPU
		Release|Any CPU = Release|Any CPU
	EndGlobalSection
	GlobalSection(ProjectConfigurationPlatforms) = postSolution
		{AE9E58AD-0F20-49D3-B064-1CACC52F03B8}.Debug|Any CPU.ActiveCfg = Debug|Any CPU
		{AE9E58AD-0F20-49D3-B064-1CACC52F03B8}.Debug|Any CPU.Build.0 = Debug|Any CPU
		{AE9E58AD-0F20-49D3-B064-1CACC52F03B8}.Release|Any CPU.ActiveCfg = Release|Any CPU
		{AE9E58AD-0F20-49D3-B064-1CACC52F03B8}.Release|Any CPU.Build.0 = Release|Any CPU
	EndGlobalSection
	GlobalSection(SolutionProperties) = preSolution
		HideSolutionNode = FALSE
	EndGlobalSection
	GlobalSection(ExtensibilityGlobals) = postSolution
		SolutionGuid = {20D14EC6-1F36-4B03-8940-2EEC2A6EF732}
	EndGlobalSection
EndGlobal
